// !$*UTF8*$!
{
	archiveVersion = 1;
	classes = {
	};
	objectVersion = 46;
	objects = {

/* Begin PBXBuildFile section */
		08D9408A18E671500046EE4A /* Foundation.framework in Frameworks */ = {isa = PBXBuildFile; fileRef = 08D9408918E671500046EE4A /* Foundation.framework */; };
		08D9408C18E671500046EE4A /* CoreGraphics.framework in Frameworks */ = {isa = PBXBuildFile; fileRef = 08D9408B18E671500046EE4A /* CoreGraphics.framework */; };
		08D9408E18E671500046EE4A /* UIKit.framework in Frameworks */ = {isa = PBXBuildFile; fileRef = 08D9408D18E671500046EE4A /* UIKit.framework */; };
		08D9409418E671500046EE4A /* InfoPlist.strings in Resources */ = {isa = PBXBuildFile; fileRef = 08D9409218E671500046EE4A /* InfoPlist.strings */; };
		08D9409618E671500046EE4A /* main.m in Sources */ = {isa = PBXBuildFile; fileRef = 08D9409518E671500046EE4A /* main.m */; };
		08D9409A18E671500046EE4A /* MJAppDelegate.m in Sources */ = {isa = PBXBuildFile; fileRef = 08D9409918E671500046EE4A /* MJAppDelegate.m */; };
		08D9409D18E671500046EE4A /* Main.storyboard in Resources */ = {isa = PBXBuildFile; fileRef = 08D9409B18E671500046EE4A /* Main.storyboard */; };
		08D940A018E671500046EE4A /* MJViewController.m in Sources */ = {isa = PBXBuildFile; fileRef = 08D9409F18E671500046EE4A /* MJViewController.m */; };
		08D940A218E671500046EE4A /* Images.xcassets in Resources */ = {isa = PBXBuildFile; fileRef = 08D940A118E671500046EE4A /* Images.xcassets */; };
		08D940A918E671500046EE4A /* XCTest.framework in Frameworks */ = {isa = PBXBuildFile; fileRef = 08D940A818E671500046EE4A /* XCTest.framework */; };
		08D940AA18E671500046EE4A /* Foundation.framework in Frameworks */ = {isa = PBXBuildFile; fileRef = 08D9408918E671500046EE4A /* Foundation.framework */; };
		08D940AB18E671500046EE4A /* UIKit.framework in Frameworks */ = {isa = PBXBuildFile; fileRef = 08D9408D18E671500046EE4A /* UIKit.framework */; };
		08D940B318E671500046EE4A /* InfoPlist.strings in Resources */ = {isa = PBXBuildFile; fileRef = 08D940B118E671500046EE4A /* InfoPlist.strings */; };
		08D940B518E671500046EE4A /* _3_____Tests.m in Sources */ = {isa = PBXBuildFile; fileRef = 08D940B418E671500046EE4A /* _3_____Tests.m */; };
/* End PBXBuildFile section */

/* Begin PBXContainerItemProxy section */
		08D940AC18E671500046EE4A /* PBXContainerItemProxy */ = {
			isa = PBXContainerItemProxy;
			containerPortal = 08D9407E18E671500046EE4A /* Project object */;
			proxyType = 1;
			remoteGlobalIDString = 08D9408518E671500046EE4A;
			remoteInfo = "03-图片缩放";
		};
/* End PBXContainerItemProxy section */

/* Begin PBXFileReference section */
		08D9408618E671500046EE4A /* 03-图片缩放.app */ = {isa = PBXFileReference; explicitFileType = wrapper.application; includeInIndex = 0; path = "03-图片缩放.app"; sourceTree = BUILT_PRODUCTS_DIR; };
		08D9408918E671500046EE4A /* Foundation.framework */ = {isa = PBXFileReference; lastKnownFileType = wrapper.framework; name = Foundation.framework; path = System/Library/Frameworks/Foundation.framework; sourceTree = SDKROOT; };
		08D9408B18E671500046EE4A /* CoreGraphics.framework */ = {isa = PBXFileReference; lastKnownFileType = wrapper.framework; name = CoreGraphics.framework; path = System/Library/Frameworks/CoreGraphics.framework; sourceTree = SDKROOT; };
		08D9408D18E671500046EE4A /* UIKit.framework */ = {isa = PBXFileReference; lastKnownFileType = wrapper.framework; name = UIKit.framework; path = System/Library/Frameworks/UIKit.framework; sourceTree = SDKROOT; };
		08D9409118E671500046EE4A /* 03-图片缩放-Info.plist */ = {isa = PBXFileReference; lastKnownFileType = text.plist.xml; path = "03-图片缩放-Info.plist"; sourceTree = "<group>"; };
		08D9409318E671500046EE4A /* en */ = {isa = PBXFileReference; lastKnownFileType = text.plist.strings; name = en; path = en.lproj/InfoPlist.strings; sourceTree = "<group>"; };
		08D9409518E671500046EE4A /* main.m */ = {isa = PBXFileReference; lastKnownFileType = sourcecode.c.objc; path = main.m; sourceTree = "<group>"; };
		08D9409718E671500046EE4A /* 03-图片缩放-Prefix.pch */ = {isa = PBXFileReference; lastKnownFileType = sourcecode.c.h; path = "03-图片缩放-Prefix.pch"; sourceTree = "<group>"; };
		08D9409818E671500046EE4A /* MJAppDelegate.h */ = {isa = PBXFileReference; lastKnownFileType = sourcecode.c.h; path = MJAppDelegate.h; sourceTree = "<group>"; };
		08D9409918E671500046EE4A /* MJAppDelegate.m */ = {isa = PBXFileReference; lastKnownFileType = sourcecode.c.objc; path = MJAppDelegate.m; sourceTree = "<group>"; };
		08D9409C18E671500046EE4A /* Base */ = {isa = PBXFileReference; lastKnownFileType = file.storyboard; name = Base; path = Base.lproj/Main.storyboard; sourceTree = "<group>"; };
		08D9409E18E671500046EE4A /* MJViewController.h */ = {isa = PBXFileReference; lastKnownFileType = sourcecode.c.h; path = MJViewController.h; sourceTree = "<group>"; };
		08D9409F18E671500046EE4A /* MJViewController.m */ = {isa = PBXFileReference; lastKnownFileType = sourcecode.c.objc; path = MJViewController.m; sourceTree = "<group>"; };
		08D940A118E671500046EE4A /* Images.xcassets */ = {isa = PBXFileReference; lastKnownFileType = folder.assetcatalog; path = Images.xcassets; sourceTree = "<group>"; };
		08D940A718E671500046EE4A /* 03-图片缩放Tests.xctest */ = {isa = PBXFileReference; explicitFileType = wrapper.cfbundle; includeInIndex = 0; path = "03-图片缩放Tests.xctest"; sourceTree = BUILT_PRODUCTS_DIR; };
		08D940A818E671500046EE4A /* XCTest.framework */ = {isa = PBXFileReference; lastKnownFileType = wrapper.framework; name = XCTest.framework; path = Library/Frameworks/XCTest.framework; sourceTree = DEVELOPER_DIR; };
		08D940B018E671500046EE4A /* 03-图片缩放Tests-Info.plist */ = {isa = PBXFileReference; lastKnownFileType = text.plist.xml; path = "03-图片缩放Tests-Info.plist"; sourceTree = "<group>"; };
		08D940B218E671500046EE4A /* en */ = {isa = PBXFileReference; lastKnownFileType = text.plist.strings; name = en; path = en.lproj/InfoPlist.strings; sourceTree = "<group>"; };
		08D940B418E671500046EE4A /* _3_____Tests.m */ = {isa = PBXFileReference; lastKnownFileType = sourcecode.c.objc; path = "_3_____Tests.m"; sourceTree = "<group>"; };
/* End PBXFileReference section */

/* Begin PBXFrameworksBuildPhase section */
		08D9408318E671500046EE4A /* Frameworks */ = {
			isa = PBXFrameworksBuildPhase;
			buildActionMask = 2147483647;
			files = (
				08D9408C18E671500046EE4A /* CoreGraphics.framework in Frameworks */,
				08D9408E18E671500046EE4A /* UIKit.framework in Frameworks */,
				08D9408A18E671500046EE4A /* Foundation.framework in Frameworks */,
			);
			runOnlyForDeploymentPostprocessing = 0;
		};
		08D940A418E671500046EE4A /* Frameworks */ = {
			isa = PBXFrameworksBuildPhase;
			buildActionMask = 2147483647;
			files = (
				08D940A918E671500046EE4A /* XCTest.framework in Frameworks */,
				08D940AB18E671500046EE4A /* UIKit.framework in Frameworks */,
				08D940AA18E671500046EE4A /* Foundation.framework in Frameworks */,
			);
			runOnlyForDeploymentPostprocessing = 0;
		};
/* End PBXFrameworksBuildPhase section */

/* Begin PBXGroup section */
		08D9407D18E671500046EE4A = {
			isa = PBXGroup;
			children = (
				08D9408F18E671500046EE4A /* 03-图片缩放 */,
				08D940AE18E671500046EE4A /* 03-图片缩放Tests */,
				08D9408818E671500046EE4A /* Frameworks */,
				08D9408718E671500046EE4A /* Products */,
			);
			sourceTree = "<group>";
		};
		08D9408718E671500046EE4A /* Products */ = {
			isa = PBXGroup;
			children = (
				08D9408618E671500046EE4A /* 03-图片缩放.app */,
				08D940A718E671500046EE4A /* 03-图片缩放Tests.xctest */,
			);
			name = Products;
			sourceTree = "<group>";
		};
		08D9408818E671500046EE4A /* Frameworks */ = {
			isa = PBXGroup;
			children = (
				08D9408918E671500046EE4A /* Foundation.framework */,
				08D9408B18E671500046EE4A /* CoreGraphics.framework */,
				08D9408D18E671500046EE4A /* UIKit.framework */,
				08D940A818E671500046EE4A /* XCTest.framework */,
			);
			name = Frameworks;
			sourceTree = "<group>";
		};
		08D9408F18E671500046EE4A /* 03-图片缩放 */ = {
			isa = PBXGroup;
			children = (
				08D9409818E671500046EE4A /* MJAppDelegate.h */,
				08D9409918E671500046EE4A /* MJAppDelegate.m */,
				08D9409B18E671500046EE4A /* Main.storyboard */,
				08D9409E18E671500046EE4A /* MJViewController.h */,
				08D9409F18E671500046EE4A /* MJViewController.m */,
				08D940A118E671500046EE4A /* Images.xcassets */,
				08D9409018E671500046EE4A /* Supporting Files */,
			);
			path = "03-图片缩放";
			sourceTree = "<group>";
		};
		08D9409018E671500046EE4A /* Supporting Files */ = {
			isa = PBXGroup;
			children = (
				08D9409118E671500046EE4A /* 03-图片缩放-Info.plist */,
				08D9409218E671500046EE4A /* InfoPlist.strings */,
				08D9409518E671500046EE4A /* main.m */,
				08D9409718E671500046EE4A /* 03-图片缩放-Prefix.pch */,
			);
			name = "Supporting Files";
			sourceTree = "<group>";
		};
		08D940AE18E671500046EE4A /* 03-图片缩放Tests */ = {
			isa = PBXGroup;
			children = (
				08D940B418E671500046EE4A /* _3_____Tests.m */,
				08D940AF18E671500046EE4A /* Supporting Files */,
			);
			path = "03-图片缩放Tests";
			sourceTree = "<group>";
		};
		08D940AF18E671500046EE4A /* Supporting Files */ = {
			isa = PBXGroup;
			children = (
				08D940B018E671500046EE4A /* 03-图片缩放Tests-Info.plist */,
				08D940B118E671500046EE4A /* InfoPlist.strings */,
			);
			name = "Supporting Files";
			sourceTree = "<group>";
		};
/* End PBXGroup section */

/* Begin PBXNativeTarget section */
		08D9408518E671500046EE4A /* 03-图片缩放 */ = {
			isa = PBXNativeTarget;
			buildConfigurationList = 08D940B818E671500046EE4A /* Build configuration list for PBXNativeTarget "03-图片缩放" */;
			buildPhases = (
				08D9408218E671500046EE4A /* Sources */,
				08D9408318E671500046EE4A /* Frameworks */,
				08D9408418E671500046EE4A /* Resources */,
			);
			buildRules = (
			);
			dependencies = (
			);
			name = "03-图片缩放";
			productName = "03-图片缩放";
			productReference = 08D9408618E671500046EE4A /* 03-图片缩放.app */;
			productType = "com.apple.product-type.application";
		};
		08D940A618E671500046EE4A /* 03-图片缩放Tests */ = {
			isa = PBXNativeTarget;
			buildConfigurationList = 08D940BB18E671500046EE4A /* Build configuration list for PBXNativeTarget "03-图片缩放Tests" */;
			buildPhases = (
				08D940A318E671500046EE4A /* Sources */,
				08D940A418E671500046EE4A /* Frameworks */,
				08D940A518E671500046EE4A /* Resources */,
			);
			buildRules = (
			);
			dependencies = (
				08D940AD18E671500046EE4A /* PBXTargetDependency */,
			);
			name = "03-图片缩放Tests";
			productName = "03-图片缩放Tests";
			productReference = 08D940A718E671500046EE4A /* 03-图片缩放Tests.xctest */;
			productType = "com.apple.product-type.bundle.unit-test";
		};
/* End PBXNativeTarget section */

/* Begin PBXProject section */
		08D9407E18E671500046EE4A /* Project object */ = {
			isa = PBXProject;
			attributes = {
				CLASSPREFIX = MJ;
				LastUpgradeCheck = 0510;
				ORGANIZATIONNAME = itcast;
				TargetAttributes = {
					08D940A618E671500046EE4A = {
						TestTargetID = 08D9408518E671500046EE4A;
					};
				};
			};
			buildConfigurationList = 08D9408118E671500046EE4A /* Build configuration list for PBXProject "03-图片缩放" */;
			compatibilityVersion = "Xcode 3.2";
			developmentRegion = English;
			hasScannedForEncodings = 0;
			knownRegions = (
				en,
				Base,
			);
			mainGroup = 08D9407D18E671500046EE4A;
			productRefGroup = 08D9408718E671500046EE4A /* Products */;
			projectDirPath = "";
			projectRoot = "";
			targets = (
				08D9408518E671500046EE4A /* 03-图片缩放 */,
				08D940A618E671500046EE4A /* 03-图片缩放Tests */,
			);
		};
/* End PBXProject section */

/* Begin PBXResourcesBuildPhase section */
		08D9408418E671500046EE4A /* Resources */ = {
			isa = PBXResourcesBuildPhase;
			buildActionMask = 2147483647;
			files = (
				08D940A218E671500046EE4A /* Images.xcassets in Resources */,
				08D9409418E671500046EE4A /* InfoPlist.strings in Resources */,
				08D9409D18E671500046EE4A /* Main.storyboard in Resources */,
			);
			runOnlyForDeploymentPostprocessing = 0;
		};
		08D940A518E671500046EE4A /* Resources */ = {
			isa = PBXResourcesBuildPhase;
			buildActionMask = 2147483647;
			files = (
				08D940B318E671500046EE4A /* InfoPlist.strings in Resources */,
			);
			runOnlyForDeploymentPostprocessing = 0;
		};
/* End PBXResourcesBuildPhase section */

/* Begin PBXSourcesBuildPhase section */
		08D9408218E671500046EE4A /* Sources */ = {
			isa = PBXSourcesBuildPhase;
			buildActionMask = 2147483647;
			files = (
				08D9409618E671500046EE4A /* main.m in Sources */,
				08D940A018E671500046EE4A /* MJViewController.m in Sources */,
				08D9409A18E671500046EE4A /* MJAppDelegate.m in Sources */,
			);
			runOnlyForDeploymentPostprocessing = 0;
		};
		08D940A318E671500046EE4A /* Sources */ = {
			isa = PBXSourcesBuildPhase;
			buildActionMask = 2147483647;
			files = (
				08D940B518E671500046EE4A /* _3_____Tests.m in Sources */,
			);
			runOnlyForDeploymentPostprocessing = 0;
		};
/* End PBXSourcesBuildPhase section */

/* Begin PBXTargetDependency section */
		08D940AD18E671500046EE4A /* PBXTargetDependency */ = {
			isa = PBXTargetDependency;
			target = 08D9408518E671500046EE4A /* 03-图片缩放 */;
			targetProxy = 08D940AC18E671500046EE4A /* PBXContainerItemProxy */;
		};
/* End PBXTargetDependency section */

/* Begin PBXVariantGroup section */
		08D9409218E671500046EE4A /* InfoPlist.strings */ = {
			isa = PBXVariantGroup;
			children = (
				08D9409318E671500046EE4A /* en */,
			);
			name = InfoPlist.strings;
			sourceTree = "<group>";
		};
		08D9409B18E671500046EE4A /* Main.storyboard */ = {
			isa = PBXVariantGroup;
			children = (
				08D9409C18E671500046EE4A /* Base */,
			);
			name = Main.storyboard;
			sourceTree = "<group>";
		};
		08D940B118E671500046EE4A /* InfoPlist.strings */ = {
			isa = PBXVariantGroup;
			children = (
				08D940B218E671500046EE4A /* en */,
			);
			name = InfoPlist.strings;
			sourceTree = "<group>";
		};
/* End PBXVariantGroup section */

/* Begin XCBuildConfiguration section */
		08D940B618E671500046EE4A /* Debug */ = {
			isa = XCBuildConfiguration;
			buildSettings = {
				ALWAYS_SEARCH_USER_PATHS = NO;
				CLANG_CXX_LANGUAGE_STANDARD = "gnu++0x";
				CLANG_CXX_LIBRARY = "libc++";
				CLANG_ENABLE_MODULES = YES;
				CLANG_ENABLE_OBJC_ARC = YES;
				CLANG_WARN_BOOL_CONVERSION = YES;
				CLANG_WARN_CONSTANT_CONVERSION = YES;
				CLANG_WARN_DIRECT_OBJC_ISA_USAGE = YES_ERROR;
				CLANG_WARN_EMPTY_BODY = YES;
				CLANG_WARN_ENUM_CONVERSION = YES;
				CLANG_WARN_INT_CONVERSION = YES;
				CLANG_WARN_OBJC_ROOT_CLASS = YES_ERROR;
				CLANG_WARN__DUPLICATE_METHOD_MATCH = YES;
				"CODE_SIGN_IDENTITY[sdk=iphoneos*]" = "iPhone Developer";
				COPY_PHASE_STRIP = NO;
				GCC_C_LANGUAGE_STANDARD = gnu99;
				GCC_DYNAMIC_NO_PIC = NO;
				GCC_OPTIMIZATION_LEVEL = 0;
				GCC_PREPROCESSOR_DEFINITIONS = (
					"DEBUG=1",
					"$(inherited)",
				);
				GCC_SYMBOLS_PRIVATE_EXTERN = NO;
				GCC_WARN_64_TO_32_BIT_CONVERSION = YES;
				GCC_WARN_ABOUT_RETURN_TYPE = YES_ERROR;
				GCC_WARN_UNDECLARED_SELECTOR = YES;
				GCC_WARN_UNINITIALIZED_AUTOS = YES_AGGRESSIVE;
				GCC_WARN_UNUSED_FUNCTION = YES;
				GCC_WARN_UNUSED_VARIABLE = YES;
				IPHONEOS_DEPLOYMENT_TARGET = 7.1;
				ONLY_ACTIVE_ARCH = YES;
				SDKROOT = iphoneos;
			};
			name = Debug;
		};
		08D940B718E671500046EE4A /* Release */ = {
			isa = XCBuildConfiguration;
			buildSettings = {
				ALWAYS_SEARCH_USER_PATHS = NO;
				CLANG_CXX_LANGUAGE_STANDARD = "gnu++0x";
				CLANG_CXX_LIBRARY = "libc++";
				CLANG_ENABLE_MODULES = YES;
				CLANG_ENABLE_OBJC_ARC = YES;
				CLANG_WARN_BOOL_CONVERSION = YES;
				CLANG_WARN_CONSTANT_CONVERSION = YES;
				CLANG_WARN_DIRECT_OBJC_ISA_USAGE = YES_ERROR;
				CLANG_WARN_EMPTY_BODY = YES;
				CLANG_WARN_ENUM_CONVERSION = YES;
				CLANG_WARN_INT_CONVERSION = YES;
				CLANG_WARN_OBJC_ROOT_CLASS = YES_ERROR;
				CLANG_WARN__DUPLICATE_METHOD_MATCH = YES;
				"CODE_SIGN_IDENTITY[sdk=iphoneos*]" = "iPhone Developer";
				COPY_PHASE_STRIP = YES;
				ENABLE_NS_ASSERTIONS = NO;
				GCC_C_LANGUAGE_STANDARD = gnu99;
				GCC_WARN_64_TO_32_BIT_CONVERSION = YES;
				GCC_WARN_ABOUT_RETURN_TYPE = YES_ERROR;
				GCC_WARN_UNDECLARED_SELECTOR = YES;
				GCC_WARN_UNINITIALIZED_AUTOS = YES_AGGRESSIVE;
				GCC_WARN_UNUSED_FUNCTION = YES;
				GCC_WARN_UNUSED_VARIABLE = YES;
				IPHONEOS_DEPLOYMENT_TARGET = 7.1;
				SDKROOT = iphoneos;
				VALIDATE_PRODUCT = YES;
			};
			name = Release;
		};
		08D940B918E671500046EE4A /* Debug */ = {
			isa = XCBuildConfiguration;
			buildSettings = {
				ASSETCATALOG_COMPILER_APPICON_NAME = AppIcon;
				ASSETCATALOG_COMPILER_LAUNCHIMAGE_NAME = LaunchImage;
				GCC_PRECOMPILE_PREFIX_HEADER = YES;
				GCC_PREFIX_HEADER = "03-图片缩放/03-图片缩放-Prefix.pch";
				INFOPLIST_FILE = "03-图片缩放/03-图片缩放-Info.plist";
				PRODUCT_NAME = "$(TARGET_NAME)";
				WRAPPER_EXTENSION = app;
			};
			name = Debug;
		};
		08D940BA18E671500046EE4A /* Release */ = {
			isa = XCBuildConfiguration;
			buildSettings = {
				ASSETCATALOG_COMPILER_APPICON_NAME = AppIcon;
				ASSETCATALOG_COMPILER_LAUNCHIMAGE_NAME = LaunchImage;
				GCC_PRECOMPILE_PREFIX_HEADER = YES;
				GCC_PREFIX_HEADER = "03-图片缩放/03-图片缩放-Prefix.pch";
				INFOPLIST_FILE = "03-图片缩放/03-图片缩放-Info.plist";
				PRODUCT_NAME = "$(TARGET_NAME)";
				WRAPPER_EXTENSION = app;
			};
			name = Release;
		};
		08D940BC18E671500046EE4A /* Debug */ = {
			isa = XCBuildConfiguration;
			buildSettings = {
				BUNDLE_LOADER = "$(BUILT_PRODUCTS_DIR)/03-图片缩放.app/03-图片缩放";
				FRAMEWORK_SEARCH_PATHS = (
					"$(SDKROOT)/Developer/Library/Frameworks",
					"$(inherited)",
					"$(DEVELOPER_FRAMEWORKS_DIR)",
				);
				GCC_PRECOMPILE_PREFIX_HEADER = YES;
				GCC_PREFIX_HEADER = "03-图片缩放/03-图片缩放-Prefix.pch";
				GCC_PREPROCESSOR_DEFINITIONS = (
					"DEBUG=1",
					"$(inherited)",
				);
				INFOPLIST_FILE = "03-图片缩放Tests/03-图片缩放Tests-Info.plist";
				PRODUCT_NAME = "$(TARGET_NAME)";
				TEST_HOST = "$(BUNDLE_LOADER)";
				WRAPPER_EXTENSION = xctest;
			};
			name = Debug;
		};
		08D940BD18E671500046EE4A /* Release */ = {
			isa = XCBuildConfiguration;
			buildSettings = {
				BUNDLE_LOADER = "$(BUILT_PRODUCTS_DIR)/03-图片缩放.app/03-图片缩放";
				FRAMEWORK_SEARCH_PATHS = (
					"$(SDKROOT)/Developer/Library/Frameworks",
					"$(inherited)",
					"$(DEVELOPER_FRAMEWORKS_DIR)",
				);
				GCC_PRECOMPILE_PREFIX_HEADER = YES;
				GCC_PREFIX_HEADER = "03-图片缩放/03-图片缩放-Prefix.pch";
				INFOPLIST_FILE = "03-图片缩放Tests/03-图片缩放Tests-Info.plist";
				PRODUCT_NAME = "$(TARGET_NAME)";
				TEST_HOST = "$(BUNDLE_LOADER)";
				WRAPPER_EXTENSION = xctest;
			};
			name = Release;
		};
/* End XCBuildConfiguration section */

/* Begin XCConfigurationList section */
		08D9408118E671500046EE4A /* Build configuration list for PBXProject "03-图片缩放" */ = {
			isa = XCConfigurationList;
			buildConfigurations = (
				08D940B618E671500046EE4A /* Debug */,
				08D940B718E671500046EE4A /* Release */,
			);
			defaultConfigurationIsVisible = 0;
			defaultConfigurationName = Release;
		};
		08D940B818E671500046EE4A /* Build configuration list for PBXNativeTarget "03-图片缩放" */ = {
			isa = XCConfigurationList;
			buildConfigurations = (
				08D940B918E671500046EE4A /* Debug */,
				08D940BA18E671500046EE4A /* Release */,
			);
			defaultConfigurationIsVisible = 0;
		};
		08D940BB18E671500046EE4A /* Build configuration list for PBXNativeTarget "03-图片缩放Tests" */ = {
			isa = XCConfigurationList;
			buildConfigurations = (
				08D940BC18E671500046EE4A /* Debug */,
				08D940BD18E671500046EE4A /* Release */,
			);
			defaultConfigurationIsVisible = 0;
		};
/* End XCConfigurationList section */
	};
	rootObject = 08D9407E18E671500046EE4A /* Project object */;
}
